
Microsoft Visual Studio Solution File, Format Version 12.00
# Visual Studio Version 17
VisualStudioVersion = 17.3.32825.248
MinimumVisualStudioVersion = 10.0.40219.1
Project("{FAE04EC0-301F-11D3-BF4B-00C04F79EFBC}") = "BugReal", "BugReal\BugReal.csproj", "{E12D8F5E-F5FF-454C-8B82-D4B5D33C0BE7}"
EndProject
Global
	GlobalSection(SolutionConfigurationPlatforms) = preSolution
		Debug|Any CPU = Debug|Any CPU
		Release|Any CPU = Release|Any CPU
	EndGlobalSection
	GlobalSection(ProjectConfigurationPlatforms) = postSolution
		{E12D8F5E-F5FF-454C-8B82-D4B5D33C0BE7}.Debug|Any CPU.ActiveCfg = Debug|Any CPU
		{E12D8F5E-F5FF-454C-8B82-D4B5D33C0BE7}.Debug|Any CPU.Build.0 = Debug|Any CPU
		{E12D8F5E-F5FF-454C-8B82-D4B5D33C0BE7}.Release|Any CPU.ActiveCfg = Release|Any CPU
		{E12D8F5E-F5FF-454C-8B82-D4B5D33C0BE7}.Release|Any CPU.Build.0 = Release|Any CPU
	EndGlobalSection
	GlobalSection(SolutionProperties) = preSolution
		HideSolutionNode = FALSE
	EndGlobalSection
	GlobalSection(ExtensibilityGlobals) = postSolution
		SolutionGuid = {8BFDC1E0-F33F-47A3-8ADE-8DAF9E132EB7}
	EndGlobalSection
EndGlobal
